
Microsoft Visual Studio Solution File, Format Version 12.00
# Visual Studio Version 17
VisualStudioVersion = 17.4.33110.190
MinimumVisualStudioVersion = 10.0.40219.1
Project("{FAE04EC0-301F-11D3-BF4B-00C04F79EFBC}") = "Editor", "Source\Editor\Editor.csproj", "{EE32A8CB-6FC9-4869-BB43-24BC8E7C0105}"
EndProject
Project("{2150E333-8FDC-42A3-9474-1A3956D46DE8}") = "Engine", "Engine", "{DC961BFE-E377-4B7F-B1ED-FC89DF347FA6}"
EndProject
Project("{FAE04EC0-301F-11D3-BF4B-00C04F79EFBC}") = "GameLauncher", "Source\GameLauncher\GameLauncher.csproj", "{4157B263-F3AD-4DA2-B9ED-357BDDC41277}"
EndProject
Project("{FAE04EC0-301F-11D3-BF4B-00C04F79EFBC}") = "SerializationGenerators", "Source\Engine\SerializationGenerators\SerializationGenerators.csproj", "{D7A6AD75-1DBD-4D22-9A44-54344C40E9DB}"
EndProject
Project("{FAE04EC0-301F-11D3-BF4B-00C04F79EFBC}") = "PhysX.Net", "..\physx\PhysX.Net\PhysX.Net.csproj", "{B0591BFA-2207-460D-B9EC-ED366817BF9A}"
EndProject
Project("{FAE04EC0-301F-11D3-BF4B-00C04F79EFBC}") = "Game", "..\asteroids\Code\Game.csproj", "{99FB5074-B21B-4E43-82A9-6AAFCEE8E07A}"
EndProject
Project("{FAE04EC0-301F-11D3-BF4B-00C04F79EFBC}") = "Tracy.Net", "..\tracy\Tracy.Net\Tracy.Net.csproj", "{7BB1BE88-4D46-498A-8694-9BC5AF14A86D}"
EndProject
Project("{2150E333-8FDC-42A3-9474-1A3956D46DE8}") = "Platforms", "Platforms", "{000E875F-BA8E-49AC-B79E-5278026D2768}"
EndProject
Project("{2150E333-8FDC-42A3-9474-1A3956D46DE8}") = "RenderSystems", "RenderSystems", "{26F023CE-E2A3-42A2-9AC3-9377C67E7BCE}"
EndProject
Project("{2150E333-8FDC-42A3-9474-1A3956D46DE8}") = "Arch", "Arch", "{87D3067A-3B2A-4B39-841D-DA63A1B418F8}"
EndProject
Project("{FAE04EC0-301F-11D3-BF4B-00C04F79EFBC}") = "Arch", "..\..\Arch\Arch\src\Arch\Arch.csproj", "{9ACC5BA1-17A3-4BC9-8877-E7C5557A24CB}"
EndProject
Project("{FAE04EC0-301F-11D3-BF4B-00C04F79EFBC}") = "Arch.System", "..\..\Arch\Arch.Extended\Arch.System\Arch.System.csproj", "{BCEE76AB-DFC8-40A1-AB63-3A5CD6D381C8}"
EndProject
Project("{FAE04EC0-301F-11D3-BF4B-00C04F79EFBC}") = "Arch.System.SourceGenerator", "..\..\Arch\Arch.Extended\Arch.System.SourceGenerator\Arch.System.SourceGenerator.csproj", "{7F8B7DF6-7F61-42B7-BCD2-BC8C3F3A76FC}"
EndProject
Project("{FAE04EC0-301F-11D3-BF4B-00C04F79EFBC}") = "Arch.SourceGen", "..\..\Arch\Arch\src\Arch.SourceGen\Arch.SourceGen.csproj", "{EE6DE6DA-5A0B-4593-8E01-14AF4808DF48}"
EndProject
Project("{FAE04EC0-301F-11D3-BF4B-00C04F79EFBC}") = "Arch.Relationships", "..\..\Arch\Arch.Extended\Arch.Relationships\Arch.Relationships.csproj", "{83387E23-7344-4F80-8F40-2D43F2DD9EBD}"
EndProject
Project("{FAE04EC0-301F-11D3-BF4B-00C04F79EFBC}") = "ArteryFont", "..\ArteryFont\ArteryFont.csproj", "{849E25B1-D710-4B46-9557-F18FDC27CC98}"
EndProject
Project("{FAE04EC0-301F-11D3-BF4B-00C04F79EFBC}") = "Standard", "Source\Platforms\Standard\Standard.csproj", "{CCA92A4D-5301-4749-AABD-83D03BBE7350}"
EndProject
Project("{FAE04EC0-301F-11D3-BF4B-00C04F79EFBC}") = "OpenGLRenderSystem", "Source\RenderSystems\OpenGLRenderSystem\OpenGLRenderSystem.csproj", "{386C86ED-BE58-4C2B-8101-3A499C5940C2}"
EndProject
Project("{FAE04EC0-301F-11D3-BF4B-00C04F79EFBC}") = "GameFramework", "Source\GameFramework\GameFramework.csproj", "{590B0B14-9A2F-4075-AFFA-8DD7E881AB18}"
EndProject
Project("{FAE04EC0-301F-11D3-BF4B-00C04F79EFBC}") = "Engine", "Source\Engine\Engine.csproj", "{B7E25468-4346-4473-B811-0B322CC61A87}"
EndProject
Project("{2150E333-8FDC-42A3-9474-1A3956D46DE8}") = "External", "External", "{BF72052A-BC9B-4A79-AB9F-AC5475783EE9}"
EndProject
Project("{FAE04EC0-301F-11D3-BF4B-00C04F79EFBC}") = "Arch.LowLevel", "..\..\Arch\Arch.Extended\Arch.LowLevel\Arch.LowLevel.csproj", "{E759CAE1-3CCC-4FA6-B43A-3AFCF56089DA}"
EndProject
Project("{FAE04EC0-301F-11D3-BF4B-00C04F79EFBC}") = "Tracy.Net", "..\Tracy\Tracy.Net\Tracy.Net.csproj", "{2A6AF641-1BB9-456D-8CCD-59F695E028FE}"
EndProject
Global
	GlobalSection(SolutionConfigurationPlatforms) = preSolution
		Debug|Any CPU = Debug|Any CPU
		Release|Any CPU = Release|Any CPU
	EndGlobalSection
	GlobalSection(ProjectConfigurationPlatforms) = postSolution
		{EE32A8CB-6FC9-4869-BB43-24BC8E7C0105}.Debug|Any CPU.ActiveCfg = Debug|Any CPU
		{EE32A8CB-6FC9-4869-BB43-24BC8E7C0105}.Debug|Any CPU.Build.0 = Debug|Any CPU
		{EE32A8CB-6FC9-4869-BB43-24BC8E7C0105}.Debug|Any CPU.Deploy.0 = Debug|Any CPU
		{EE32A8CB-6FC9-4869-BB43-24BC8E7C0105}.Release|Any CPU.ActiveCfg = Release|Any CPU
		{EE32A8CB-6FC9-4869-BB43-24BC8E7C0105}.Release|Any CPU.Build.0 = Release|Any CPU
		{4157B263-F3AD-4DA2-B9ED-357BDDC41277}.Debug|Any CPU.ActiveCfg = Debug|Any CPU
		{4157B263-F3AD-4DA2-B9ED-357BDDC41277}.Debug|Any CPU.Build.0 = Debug|Any CPU
		{4157B263-F3AD-4DA2-B9ED-357BDDC41277}.Debug|Any CPU.Deploy.0 = Debug|Any CPU
		{4157B263-F3AD-4DA2-B9ED-357BDDC41277}.Release|Any CPU.ActiveCfg = Release|Any CPU
		{4157B263-F3AD-4DA2-B9ED-357BDDC41277}.Release|Any CPU.Build.0 = Release|Any CPU
		{D7A6AD75-1DBD-4D22-9A44-54344C40E9DB}.Debug|Any CPU.ActiveCfg = Debug|Any CPU
		{D7A6AD75-1DBD-4D22-9A44-54344C40E9DB}.Debug|Any CPU.Build.0 = Debug|Any CPU
		{D7A6AD75-1DBD-4D22-9A44-54344C40E9DB}.Release|Any CPU.ActiveCfg = Release|Any CPU
		{D7A6AD75-1DBD-4D22-9A44-54344C40E9DB}.Release|Any CPU.Build.0 = Release|Any CPU
		{99FB5074-B21B-4E43-82A9-6AAFCEE8E07A}.Debug|Any CPU.ActiveCfg = Debug|Any CPU
		{99FB5074-B21B-4E43-82A9-6AAFCEE8E07A}.Debug|Any CPU.Build.0 = Debug|Any CPU
		{99FB5074-B21B-4E43-82A9-6AAFCEE8E07A}.Release|Any CPU.ActiveCfg = Release|Any CPU
		{99FB5074-B21B-4E43-82A9-6AAFCEE8E07A}.Release|Any CPU.Build.0 = Release|Any CPU
		{7BB1BE88-4D46-498A-8694-9BC5AF14A86D}.Debug|Any CPU.ActiveCfg = Debug|Any CPU
		{7BB1BE88-4D46-498A-8694-9BC5AF14A86D}.Debug|Any CPU.Build.0 = Debug|Any CPU
		{7BB1BE88-4D46-498A-8694-9BC5AF14A86D}.Release|Any CPU.ActiveCfg = Release|Any CPU
		{7BB1BE88-4D46-498A-8694-9BC5AF14A86D}.Release|Any CPU.Build.0 = Release|Any CPU
		{9ACC5BA1-17A3-4BC9-8877-E7C5557A24CB}.Debug|Any CPU.ActiveCfg = Debug-PureECS|Any CPU
		{9ACC5BA1-17A3-4BC9-8877-E7C5557A24CB}.Debug|Any CPU.Build.0 = Debug-PureECS|Any CPU
		{9ACC5BA1-17A3-4BC9-8877-E7C5557A24CB}.Release|Any CPU.ActiveCfg = Release-PureECS|Any CPU
		{9ACC5BA1-17A3-4BC9-8877-E7C5557A24CB}.Release|Any CPU.Build.0 = Release-PureECS|Any CPU
		{BCEE76AB-DFC8-40A1-AB63-3A5CD6D381C8}.Debug|Any CPU.ActiveCfg = Debug|Any CPU
		{BCEE76AB-DFC8-40A1-AB63-3A5CD6D381C8}.Debug|Any CPU.Build.0 = Debug|Any CPU
		{BCEE76AB-DFC8-40A1-AB63-3A5CD6D381C8}.Release|Any CPU.ActiveCfg = Release|Any CPU
		{BCEE76AB-DFC8-40A1-AB63-3A5CD6D381C8}.Release|Any CPU.Build.0 = Release|Any CPU
		{7F8B7DF6-7F61-42B7-BCD2-BC8C3F3A76FC}.Debug|Any CPU.ActiveCfg = Debug|Any CPU
		{7F8B7DF6-7F61-42B7-BCD2-BC8C3F3A76FC}.Debug|Any CPU.Build.0 = Debug|Any CPU
		{7F8B7DF6-7F61-42B7-BCD2-BC8C3F3A76FC}.Release|Any CPU.ActiveCfg = Release|Any CPU
		{7F8B7DF6-7F61-42B7-BCD2-BC8C3F3A76FC}.Release|Any CPU.Build.0 = Release|Any CPU
		{EE6DE6DA-5A0B-4593-8E01-14AF4808DF48}.Debug|Any CPU.ActiveCfg = Debug-PureECS|Any CPU
		{EE6DE6DA-5A0B-4593-8E01-14AF4808DF48}.Debug|Any CPU.Build.0 = Debug-PureECS|Any CPU
		{EE6DE6DA-5A0B-4593-8E01-14AF4808DF48}.Release|Any CPU.ActiveCfg = Release-PureECS|Any CPU
		{EE6DE6DA-5A0B-4593-8E01-14AF4808DF48}.Release|Any CPU.Build.0 = Release-PureECS|Any CPU
		{83387E23-7344-4F80-8F40-2D43F2DD9EBD}.Debug|Any CPU.ActiveCfg = Debug|Any CPU
		{83387E23-7344-4F80-8F40-2D43F2DD9EBD}.Debug|Any CPU.Build.0 = Debug|Any CPU
		{83387E23-7344-4F80-8F40-2D43F2DD9EBD}.Release|Any CPU.ActiveCfg = Release|Any CPU
		{83387E23-7344-4F80-8F40-2D43F2DD9EBD}.Release|Any CPU.Build.0 = Release|Any CPU
		{849E25B1-D710-4B46-9557-F18FDC27CC98}.Debug|Any CPU.ActiveCfg = Debug|Any CPU
		{849E25B1-D710-4B46-9557-F18FDC27CC98}.Debug|Any CPU.Build.0 = Debug|Any CPU
		{849E25B1-D710-4B46-9557-F18FDC27CC98}.Release|Any CPU.ActiveCfg = Release|Any CPU
		{849E25B1-D710-4B46-9557-F18FDC27CC98}.Release|Any CPU.Build.0 = Release|Any CPU
		{CCA92A4D-5301-4749-AABD-83D03BBE7350}.Debug|Any CPU.ActiveCfg = Debug|Any CPU
		{CCA92A4D-5301-4749-AABD-83D03BBE7350}.Debug|Any CPU.Build.0 = Debug|Any CPU
		{CCA92A4D-5301-4749-AABD-83D03BBE7350}.Release|Any CPU.ActiveCfg = Release|Any CPU
		{CCA92A4D-5301-4749-AABD-83D03BBE7350}.Release|Any CPU.Build.0 = Release|Any CPU
		{386C86ED-BE58-4C2B-8101-3A499C5940C2}.Debug|Any CPU.ActiveCfg = Debug|Any CPU
		{386C86ED-BE58-4C2B-8101-3A499C5940C2}.Debug|Any CPU.Build.0 = Debug|Any CPU
		{386C86ED-BE58-4C2B-8101-3A499C5940C2}.Release|Any CPU.ActiveCfg = Release|Any CPU
		{386C86ED-BE58-4C2B-8101-3A499C5940C2}.Release|Any CPU.Build.0 = Release|Any CPU
		{590B0B14-9A2F-4075-AFFA-8DD7E881AB18}.Debug|Any CPU.ActiveCfg = Debug|Any CPU
		{590B0B14-9A2F-4075-AFFA-8DD7E881AB18}.Debug|Any CPU.Build.0 = Debug|Any CPU
		{590B0B14-9A2F-4075-AFFA-8DD7E881AB18}.Release|Any CPU.ActiveCfg = Release|Any CPU
		{590B0B14-9A2F-4075-AFFA-8DD7E881AB18}.Release|Any CPU.Build.0 = Release|Any CPU
		{B7E25468-4346-4473-B811-0B322CC61A87}.Debug|Any CPU.ActiveCfg = Debug|Any CPU
		{B7E25468-4346-4473-B811-0B322CC61A87}.Debug|Any CPU.Build.0 = Debug|Any CPU
		{B7E25468-4346-4473-B811-0B322CC61A87}.Release|Any CPU.ActiveCfg = Release|Any CPU
		{B7E25468-4346-4473-B811-0B322CC61A87}.Release|Any CPU.Build.0 = Release|Any CPU
		{E759CAE1-3CCC-4FA6-B43A-3AFCF56089DA}.Debug|Any CPU.ActiveCfg = Debug|Any CPU
		{E759CAE1-3CCC-4FA6-B43A-3AFCF56089DA}.Debug|Any CPU.Build.0 = Debug|Any CPU
		{E759CAE1-3CCC-4FA6-B43A-3AFCF56089DA}.Release|Any CPU.ActiveCfg = Release|Any CPU
		{E759CAE1-3CCC-4FA6-B43A-3AFCF56089DA}.Release|Any CPU.Build.0 = Release|Any CPU
		{2A6AF641-1BB9-456D-8CCD-59F695E028FE}.Debug|Any CPU.ActiveCfg = Debug|Any CPU
		{2A6AF641-1BB9-456D-8CCD-59F695E028FE}.Debug|Any CPU.Build.0 = Debug|Any CPU
		{2A6AF641-1BB9-456D-8CCD-59F695E028FE}.Release|Any CPU.ActiveCfg = Release|Any CPU
		{2A6AF641-1BB9-456D-8CCD-59F695E028FE}.Release|Any CPU.Build.0 = Release|Any CPU
	EndGlobalSection
	GlobalSection(SolutionProperties) = preSolution
		HideSolutionNode = FALSE
	EndGlobalSection
	GlobalSection(NestedProjects) = preSolution
		{D7A6AD75-1DBD-4D22-9A44-54344C40E9DB} = {DC961BFE-E377-4B7F-B1ED-FC89DF347FA6}
		{26F023CE-E2A3-42A2-9AC3-9377C67E7BCE} = {DC961BFE-E377-4B7F-B1ED-FC89DF347FA6}
		{9ACC5BA1-17A3-4BC9-8877-E7C5557A24CB} = {87D3067A-3B2A-4B39-841D-DA63A1B418F8}
		{BCEE76AB-DFC8-40A1-AB63-3A5CD6D381C8} = {87D3067A-3B2A-4B39-841D-DA63A1B418F8}
		{7F8B7DF6-7F61-42B7-BCD2-BC8C3F3A76FC} = {87D3067A-3B2A-4B39-841D-DA63A1B418F8}
		{EE6DE6DA-5A0B-4593-8E01-14AF4808DF48} = {87D3067A-3B2A-4B39-841D-DA63A1B418F8}
		{83387E23-7344-4F80-8F40-2D43F2DD9EBD} = {87D3067A-3B2A-4B39-841D-DA63A1B418F8}
		{CCA92A4D-5301-4749-AABD-83D03BBE7350} = {000E875F-BA8E-49AC-B79E-5278026D2768}
		{386C86ED-BE58-4C2B-8101-3A499C5940C2} = {26F023CE-E2A3-42A2-9AC3-9377C67E7BCE}
		{000E875F-BA8E-49AC-B79E-5278026D2768} = {DC961BFE-E377-4B7F-B1ED-FC89DF347FA6}
		{B7E25468-4346-4473-B811-0B322CC61A87} = {DC961BFE-E377-4B7F-B1ED-FC89DF347FA6}
		{849E25B1-D710-4B46-9557-F18FDC27CC98} = {BF72052A-BC9B-4A79-AB9F-AC5475783EE9}
		{B0591BFA-2207-460D-B9EC-ED366817BF9A} = {BF72052A-BC9B-4A79-AB9F-AC5475783EE9}
		{7BB1BE88-4D46-498A-8694-9BC5AF14A86D} = {BF72052A-BC9B-4A79-AB9F-AC5475783EE9}
		{E759CAE1-3CCC-4FA6-B43A-3AFCF56089DA} = {87D3067A-3B2A-4B39-841D-DA63A1B418F8}
	EndGlobalSection
	GlobalSection(ExtensibilityGlobals) = postSolution
		SolutionGuid = {3A06B231-F843-47AD-BF33-8CB21DF39C79}
	EndGlobalSection
EndGlobal
