
Microsoft Visual Studio Solution File, Format Version 12.00
# Visual Studio Version 17
VisualStudioVersion = 17.4.33110.190
MinimumVisualStudioVersion = 10.0.40219.1
Project("{FAE04EC0-301F-11D3-BF4B-00C04F79EFBC}") = "Editor", "Source\Editor\Editor.csproj", "{EE32A8CB-6FC9-4869-BB43-24BC8E7C0105}"
EndProject
Project("{2150E333-8FDC-42A3-9474-1A3956D46DE8}") = "Engine", "Engine", "{DC961BFE-E377-4B7F-B1ED-FC89DF347FA6}"
EndProject
Project("{FAE04EC0-301F-11D3-BF4B-00C04F79EFBC}") = "Core", "Source\Engine\Core\Core.csproj", "{03A087CC-F852-4DA1-A63A-A6407209E6C0}"
EndProject
Project("{FAE04EC0-301F-11D3-BF4B-00C04F79EFBC}") = "Content", "Source\Engine\Content\Content.csproj", "{50C744D6-C94A-4EFA-92D3-700C8974324D}"
EndProject
Project("{FAE04EC0-301F-11D3-BF4B-00C04F79EFBC}") = "Graphics", "Source\Engine\Graphics\Graphics.csproj", "{6CA8AF9F-C978-4526-B920-5387C12208A1}"
EndProject
Project("{FAE04EC0-301F-11D3-BF4B-00C04F79EFBC}") = "Input", "Source\Engine\Input\Input.csproj", "{CF2CD740-F3BE-4880-89F2-F1560CFC0FB9}"
EndProject
Project("{FAE04EC0-301F-11D3-BF4B-00C04F79EFBC}") = "Physics", "Source\Engine\Physics\Physics.csproj", "{5F5AD96D-A227-4CD2-B695-6F6CEF3C7EA2}"
EndProject
Project("{FAE04EC0-301F-11D3-BF4B-00C04F79EFBC}") = "GameLauncher", "Source\GameLauncher\GameLauncher.csproj", "{4157B263-F3AD-4DA2-B9ED-357BDDC41277}"
EndProject
Project("{FAE04EC0-301F-11D3-BF4B-00C04F79EFBC}") = "Scene", "Source\Engine\Scene\Scene.csproj", "{CB420543-EE0F-488B-8E9A-C2290A9C1FCD}"
EndProject
Project("{FAE04EC0-301F-11D3-BF4B-00C04F79EFBC}") = "ServiceBus", "Source\Engine\ServiceBus\ServiceBus.csproj", "{C11CF8D4-453A-4CE8-9F99-3479D1FF2352}"
EndProject
Project("{FAE04EC0-301F-11D3-BF4B-00C04F79EFBC}") = "GameFramework", "Source\Engine\GameFramework\GameFramework.csproj", "{894CBC2F-1EFE-465E-A393-B22EA9118E75}"
EndProject
Project("{FAE04EC0-301F-11D3-BF4B-00C04F79EFBC}") = "ServiceBusInterfaces", "Source\Engine\ServiceBusInterfaces\ServiceBusInterfaces.csproj", "{631DE19E-1B2D-4086-B430-17875CDDFACB}"
EndProject
Project("{FAE04EC0-301F-11D3-BF4B-00C04F79EFBC}") = "CoreInterfaces", "Source\Engine\CoreInterfaces\CoreInterfaces.csproj", "{5F70B51F-BA8C-4966-BCFB-779D582D0E80}"
EndProject
Project("{FAE04EC0-301F-11D3-BF4B-00C04F79EFBC}") = "Serialization", "Source\Engine\Serialization\Serialization.csproj", "{82272E7A-A2AB-4E6A-B960-96CBFEB70B0D}"
EndProject
Project("{FAE04EC0-301F-11D3-BF4B-00C04F79EFBC}") = "SerializationGenerators", "Source\Engine\SerializationGenerators\SerializationGenerators.csproj", "{D7A6AD75-1DBD-4D22-9A44-54344C40E9DB}"
EndProject
Project("{FAE04EC0-301F-11D3-BF4B-00C04F79EFBC}") = "PhysX.Net", "..\physx\PhysX.Net\PhysX.Net.csproj", "{B0591BFA-2207-460D-B9EC-ED366817BF9A}"
EndProject
Project("{FAE04EC0-301F-11D3-BF4B-00C04F79EFBC}") = "Game", "..\asteroids\Code\Game.csproj", "{99FB5074-B21B-4E43-82A9-6AAFCEE8E07A}"
EndProject
Project("{FAE04EC0-301F-11D3-BF4B-00C04F79EFBC}") = "Tracy.Net", "..\tracy\Tracy.Net\Tracy.Net.csproj", "{7BB1BE88-4D46-498A-8694-9BC5AF14A86D}"
EndProject
Project("{FAE04EC0-301F-11D3-BF4B-00C04F79EFBC}") = "Ui", "Source\Engine\Ui\Ui.csproj", "{062AB13D-3648-4EDE-AD4D-7AA146E2D1ED}"
EndProject
Project("{FAE04EC0-301F-11D3-BF4B-00C04F79EFBC}") = "RmlUi.Net", "..\rmlui\RmlUi.Net\RmlUi.Net.csproj", "{4FBB35A3-2892-4F92-845A-40502E8D12D4}"
EndProject
Project("{2150E333-8FDC-42A3-9474-1A3956D46DE8}") = "Platforms", "Platforms", "{000E875F-BA8E-49AC-B79E-5278026D2768}"
EndProject
Project("{FAE04EC0-301F-11D3-BF4B-00C04F79EFBC}") = "Standard", "Source\Engine\Platforms\Standard\Standard.csproj", "{B3D5A273-D07D-4FAD-AC56-56E175E58A5E}"
EndProject
Project("{2150E333-8FDC-42A3-9474-1A3956D46DE8}") = "RenderSystems", "RenderSystems", "{26F023CE-E2A3-42A2-9AC3-9377C67E7BCE}"
EndProject
Project("{FAE04EC0-301F-11D3-BF4B-00C04F79EFBC}") = "OpenGL", "Source\Engine\RenderSystems\OpenGL\OpenGL.csproj", "{1D640F31-A590-4614-9B71-8C5F81938A94}"
EndProject
Global
	GlobalSection(SolutionConfigurationPlatforms) = preSolution
		Debug|Any CPU = Debug|Any CPU
		Release|Any CPU = Release|Any CPU
	EndGlobalSection
	GlobalSection(ProjectConfigurationPlatforms) = postSolution
		{EE32A8CB-6FC9-4869-BB43-24BC8E7C0105}.Debug|Any CPU.ActiveCfg = Debug|Any CPU
		{EE32A8CB-6FC9-4869-BB43-24BC8E7C0105}.Debug|Any CPU.Build.0 = Debug|Any CPU
		{EE32A8CB-6FC9-4869-BB43-24BC8E7C0105}.Debug|Any CPU.Deploy.0 = Debug|Any CPU
		{EE32A8CB-6FC9-4869-BB43-24BC8E7C0105}.Release|Any CPU.ActiveCfg = Release|Any CPU
		{EE32A8CB-6FC9-4869-BB43-24BC8E7C0105}.Release|Any CPU.Build.0 = Release|Any CPU
		{03A087CC-F852-4DA1-A63A-A6407209E6C0}.Debug|Any CPU.ActiveCfg = Debug|Any CPU
		{03A087CC-F852-4DA1-A63A-A6407209E6C0}.Debug|Any CPU.Build.0 = Debug|Any CPU
		{03A087CC-F852-4DA1-A63A-A6407209E6C0}.Debug|Any CPU.Deploy.0 = Debug|Any CPU
		{03A087CC-F852-4DA1-A63A-A6407209E6C0}.Release|Any CPU.ActiveCfg = Release|Any CPU
		{03A087CC-F852-4DA1-A63A-A6407209E6C0}.Release|Any CPU.Build.0 = Release|Any CPU
		{50C744D6-C94A-4EFA-92D3-700C8974324D}.Debug|Any CPU.ActiveCfg = Debug|Any CPU
		{50C744D6-C94A-4EFA-92D3-700C8974324D}.Debug|Any CPU.Build.0 = Debug|Any CPU
		{50C744D6-C94A-4EFA-92D3-700C8974324D}.Debug|Any CPU.Deploy.0 = Debug|Any CPU
		{50C744D6-C94A-4EFA-92D3-700C8974324D}.Release|Any CPU.ActiveCfg = Release|Any CPU
		{50C744D6-C94A-4EFA-92D3-700C8974324D}.Release|Any CPU.Build.0 = Release|Any CPU
		{6CA8AF9F-C978-4526-B920-5387C12208A1}.Debug|Any CPU.ActiveCfg = Debug|Any CPU
		{6CA8AF9F-C978-4526-B920-5387C12208A1}.Debug|Any CPU.Build.0 = Debug|Any CPU
		{6CA8AF9F-C978-4526-B920-5387C12208A1}.Debug|Any CPU.Deploy.0 = Debug|Any CPU
		{6CA8AF9F-C978-4526-B920-5387C12208A1}.Release|Any CPU.ActiveCfg = Release|Any CPU
		{6CA8AF9F-C978-4526-B920-5387C12208A1}.Release|Any CPU.Build.0 = Release|Any CPU
		{CF2CD740-F3BE-4880-89F2-F1560CFC0FB9}.Debug|Any CPU.ActiveCfg = Debug|Any CPU
		{CF2CD740-F3BE-4880-89F2-F1560CFC0FB9}.Debug|Any CPU.Build.0 = Debug|Any CPU
		{CF2CD740-F3BE-4880-89F2-F1560CFC0FB9}.Debug|Any CPU.Deploy.0 = Debug|Any CPU
		{CF2CD740-F3BE-4880-89F2-F1560CFC0FB9}.Release|Any CPU.ActiveCfg = Release|Any CPU
		{CF2CD740-F3BE-4880-89F2-F1560CFC0FB9}.Release|Any CPU.Build.0 = Release|Any CPU
		{5F5AD96D-A227-4CD2-B695-6F6CEF3C7EA2}.Debug|Any CPU.ActiveCfg = Debug|Any CPU
		{5F5AD96D-A227-4CD2-B695-6F6CEF3C7EA2}.Debug|Any CPU.Build.0 = Debug|Any CPU
		{5F5AD96D-A227-4CD2-B695-6F6CEF3C7EA2}.Debug|Any CPU.Deploy.0 = Debug|Any CPU
		{5F5AD96D-A227-4CD2-B695-6F6CEF3C7EA2}.Release|Any CPU.ActiveCfg = Release|Any CPU
		{5F5AD96D-A227-4CD2-B695-6F6CEF3C7EA2}.Release|Any CPU.Build.0 = Release|Any CPU
		{4157B263-F3AD-4DA2-B9ED-357BDDC41277}.Debug|Any CPU.ActiveCfg = Debug|Any CPU
		{4157B263-F3AD-4DA2-B9ED-357BDDC41277}.Debug|Any CPU.Build.0 = Debug|Any CPU
		{4157B263-F3AD-4DA2-B9ED-357BDDC41277}.Debug|Any CPU.Deploy.0 = Debug|Any CPU
		{4157B263-F3AD-4DA2-B9ED-357BDDC41277}.Release|Any CPU.ActiveCfg = Release|Any CPU
		{4157B263-F3AD-4DA2-B9ED-357BDDC41277}.Release|Any CPU.Build.0 = Release|Any CPU
		{CB420543-EE0F-488B-8E9A-C2290A9C1FCD}.Debug|Any CPU.ActiveCfg = Debug|Any CPU
		{CB420543-EE0F-488B-8E9A-C2290A9C1FCD}.Debug|Any CPU.Build.0 = Debug|Any CPU
		{CB420543-EE0F-488B-8E9A-C2290A9C1FCD}.Debug|Any CPU.Deploy.0 = Debug|Any CPU
		{CB420543-EE0F-488B-8E9A-C2290A9C1FCD}.Release|Any CPU.ActiveCfg = Release|Any CPU
		{CB420543-EE0F-488B-8E9A-C2290A9C1FCD}.Release|Any CPU.Build.0 = Release|Any CPU
		{C11CF8D4-453A-4CE8-9F99-3479D1FF2352}.Debug|Any CPU.ActiveCfg = Debug|Any CPU
		{C11CF8D4-453A-4CE8-9F99-3479D1FF2352}.Debug|Any CPU.Build.0 = Debug|Any CPU
		{C11CF8D4-453A-4CE8-9F99-3479D1FF2352}.Debug|Any CPU.Deploy.0 = Debug|Any CPU
		{C11CF8D4-453A-4CE8-9F99-3479D1FF2352}.Release|Any CPU.ActiveCfg = Release|Any CPU
		{C11CF8D4-453A-4CE8-9F99-3479D1FF2352}.Release|Any CPU.Build.0 = Release|Any CPU
		{894CBC2F-1EFE-465E-A393-B22EA9118E75}.Debug|Any CPU.ActiveCfg = Debug|Any CPU
		{894CBC2F-1EFE-465E-A393-B22EA9118E75}.Debug|Any CPU.Build.0 = Debug|Any CPU
		{894CBC2F-1EFE-465E-A393-B22EA9118E75}.Debug|Any CPU.Deploy.0 = Debug|Any CPU
		{894CBC2F-1EFE-465E-A393-B22EA9118E75}.Release|Any CPU.ActiveCfg = Release|Any CPU
		{894CBC2F-1EFE-465E-A393-B22EA9118E75}.Release|Any CPU.Build.0 = Release|Any CPU
		{631DE19E-1B2D-4086-B430-17875CDDFACB}.Debug|Any CPU.ActiveCfg = Debug|Any CPU
		{631DE19E-1B2D-4086-B430-17875CDDFACB}.Debug|Any CPU.Build.0 = Debug|Any CPU
		{631DE19E-1B2D-4086-B430-17875CDDFACB}.Debug|Any CPU.Deploy.0 = Debug|Any CPU
		{631DE19E-1B2D-4086-B430-17875CDDFACB}.Release|Any CPU.ActiveCfg = Release|Any CPU
		{631DE19E-1B2D-4086-B430-17875CDDFACB}.Release|Any CPU.Build.0 = Release|Any CPU
		{5F70B51F-BA8C-4966-BCFB-779D582D0E80}.Debug|Any CPU.ActiveCfg = Debug|Any CPU
		{5F70B51F-BA8C-4966-BCFB-779D582D0E80}.Debug|Any CPU.Build.0 = Debug|Any CPU
		{5F70B51F-BA8C-4966-BCFB-779D582D0E80}.Debug|Any CPU.Deploy.0 = Debug|Any CPU
		{5F70B51F-BA8C-4966-BCFB-779D582D0E80}.Release|Any CPU.ActiveCfg = Release|Any CPU
		{5F70B51F-BA8C-4966-BCFB-779D582D0E80}.Release|Any CPU.Build.0 = Release|Any CPU
		{82272E7A-A2AB-4E6A-B960-96CBFEB70B0D}.Debug|Any CPU.ActiveCfg = Debug|Any CPU
		{82272E7A-A2AB-4E6A-B960-96CBFEB70B0D}.Debug|Any CPU.Build.0 = Debug|Any CPU
		{82272E7A-A2AB-4E6A-B960-96CBFEB70B0D}.Release|Any CPU.ActiveCfg = Release|Any CPU
		{82272E7A-A2AB-4E6A-B960-96CBFEB70B0D}.Release|Any CPU.Build.0 = Release|Any CPU
		{D7A6AD75-1DBD-4D22-9A44-54344C40E9DB}.Debug|Any CPU.ActiveCfg = Debug|Any CPU
		{D7A6AD75-1DBD-4D22-9A44-54344C40E9DB}.Debug|Any CPU.Build.0 = Debug|Any CPU
		{D7A6AD75-1DBD-4D22-9A44-54344C40E9DB}.Release|Any CPU.ActiveCfg = Release|Any CPU
		{D7A6AD75-1DBD-4D22-9A44-54344C40E9DB}.Release|Any CPU.Build.0 = Release|Any CPU
		{B0591BFA-2207-460D-B9EC-ED366817BF9A}.Debug|Any CPU.ActiveCfg = Debug|Any CPU
		{B0591BFA-2207-460D-B9EC-ED366817BF9A}.Debug|Any CPU.Build.0 = Debug|Any CPU
		{B0591BFA-2207-460D-B9EC-ED366817BF9A}.Release|Any CPU.ActiveCfg = Release|Any CPU
		{B0591BFA-2207-460D-B9EC-ED366817BF9A}.Release|Any CPU.Build.0 = Release|Any CPU
		{99FB5074-B21B-4E43-82A9-6AAFCEE8E07A}.Debug|Any CPU.ActiveCfg = Debug|Any CPU
		{99FB5074-B21B-4E43-82A9-6AAFCEE8E07A}.Debug|Any CPU.Build.0 = Debug|Any CPU
		{99FB5074-B21B-4E43-82A9-6AAFCEE8E07A}.Release|Any CPU.ActiveCfg = Release|Any CPU
		{99FB5074-B21B-4E43-82A9-6AAFCEE8E07A}.Release|Any CPU.Build.0 = Release|Any CPU
		{7BB1BE88-4D46-498A-8694-9BC5AF14A86D}.Debug|Any CPU.ActiveCfg = Debug|Any CPU
		{7BB1BE88-4D46-498A-8694-9BC5AF14A86D}.Debug|Any CPU.Build.0 = Debug|Any CPU
		{7BB1BE88-4D46-498A-8694-9BC5AF14A86D}.Release|Any CPU.ActiveCfg = Release|Any CPU
		{7BB1BE88-4D46-498A-8694-9BC5AF14A86D}.Release|Any CPU.Build.0 = Release|Any CPU
		{062AB13D-3648-4EDE-AD4D-7AA146E2D1ED}.Debug|Any CPU.ActiveCfg = Debug|Any CPU
		{062AB13D-3648-4EDE-AD4D-7AA146E2D1ED}.Debug|Any CPU.Build.0 = Debug|Any CPU
		{062AB13D-3648-4EDE-AD4D-7AA146E2D1ED}.Release|Any CPU.ActiveCfg = Release|Any CPU
		{062AB13D-3648-4EDE-AD4D-7AA146E2D1ED}.Release|Any CPU.Build.0 = Release|Any CPU
		{4FBB35A3-2892-4F92-845A-40502E8D12D4}.Debug|Any CPU.ActiveCfg = Debug|Any CPU
		{4FBB35A3-2892-4F92-845A-40502E8D12D4}.Debug|Any CPU.Build.0 = Debug|Any CPU
		{4FBB35A3-2892-4F92-845A-40502E8D12D4}.Release|Any CPU.ActiveCfg = Release|Any CPU
		{4FBB35A3-2892-4F92-845A-40502E8D12D4}.Release|Any CPU.Build.0 = Release|Any CPU
		{B3D5A273-D07D-4FAD-AC56-56E175E58A5E}.Debug|Any CPU.ActiveCfg = Debug|Any CPU
		{B3D5A273-D07D-4FAD-AC56-56E175E58A5E}.Debug|Any CPU.Build.0 = Debug|Any CPU
		{B3D5A273-D07D-4FAD-AC56-56E175E58A5E}.Release|Any CPU.ActiveCfg = Release|Any CPU
		{B3D5A273-D07D-4FAD-AC56-56E175E58A5E}.Release|Any CPU.Build.0 = Release|Any CPU
		{1D640F31-A590-4614-9B71-8C5F81938A94}.Debug|Any CPU.ActiveCfg = Debug|Any CPU
		{1D640F31-A590-4614-9B71-8C5F81938A94}.Debug|Any CPU.Build.0 = Debug|Any CPU
		{1D640F31-A590-4614-9B71-8C5F81938A94}.Release|Any CPU.ActiveCfg = Release|Any CPU
		{1D640F31-A590-4614-9B71-8C5F81938A94}.Release|Any CPU.Build.0 = Release|Any CPU
	EndGlobalSection
	GlobalSection(SolutionProperties) = preSolution
		HideSolutionNode = FALSE
	EndGlobalSection
	GlobalSection(NestedProjects) = preSolution
		{03A087CC-F852-4DA1-A63A-A6407209E6C0} = {DC961BFE-E377-4B7F-B1ED-FC89DF347FA6}
		{50C744D6-C94A-4EFA-92D3-700C8974324D} = {DC961BFE-E377-4B7F-B1ED-FC89DF347FA6}
		{6CA8AF9F-C978-4526-B920-5387C12208A1} = {DC961BFE-E377-4B7F-B1ED-FC89DF347FA6}
		{CF2CD740-F3BE-4880-89F2-F1560CFC0FB9} = {DC961BFE-E377-4B7F-B1ED-FC89DF347FA6}
		{5F5AD96D-A227-4CD2-B695-6F6CEF3C7EA2} = {DC961BFE-E377-4B7F-B1ED-FC89DF347FA6}
		{CB420543-EE0F-488B-8E9A-C2290A9C1FCD} = {DC961BFE-E377-4B7F-B1ED-FC89DF347FA6}
		{C11CF8D4-453A-4CE8-9F99-3479D1FF2352} = {DC961BFE-E377-4B7F-B1ED-FC89DF347FA6}
		{894CBC2F-1EFE-465E-A393-B22EA9118E75} = {DC961BFE-E377-4B7F-B1ED-FC89DF347FA6}
		{631DE19E-1B2D-4086-B430-17875CDDFACB} = {DC961BFE-E377-4B7F-B1ED-FC89DF347FA6}
		{5F70B51F-BA8C-4966-BCFB-779D582D0E80} = {DC961BFE-E377-4B7F-B1ED-FC89DF347FA6}
		{82272E7A-A2AB-4E6A-B960-96CBFEB70B0D} = {DC961BFE-E377-4B7F-B1ED-FC89DF347FA6}
		{D7A6AD75-1DBD-4D22-9A44-54344C40E9DB} = {DC961BFE-E377-4B7F-B1ED-FC89DF347FA6}
		{062AB13D-3648-4EDE-AD4D-7AA146E2D1ED} = {DC961BFE-E377-4B7F-B1ED-FC89DF347FA6}
		{000E875F-BA8E-49AC-B79E-5278026D2768} = {DC961BFE-E377-4B7F-B1ED-FC89DF347FA6}
		{B3D5A273-D07D-4FAD-AC56-56E175E58A5E} = {000E875F-BA8E-49AC-B79E-5278026D2768}
		{26F023CE-E2A3-42A2-9AC3-9377C67E7BCE} = {DC961BFE-E377-4B7F-B1ED-FC89DF347FA6}
		{1D640F31-A590-4614-9B71-8C5F81938A94} = {26F023CE-E2A3-42A2-9AC3-9377C67E7BCE}
	EndGlobalSection
	GlobalSection(ExtensibilityGlobals) = postSolution
		SolutionGuid = {3A06B231-F843-47AD-BF33-8CB21DF39C79}
	EndGlobalSection
EndGlobal
